
Microsoft Visual Studio Solution File, Format Version 12.00
# Visual Studio Version 17
VisualStudioVersion = 17.10.35122.118
MinimumVisualStudioVersion = 10.0.40219.1
Project("{9A19103F-16F7-4668-BE54-9A1E7A4F7556}") = "WeightSimulator", "WeightSimulator\WeightSimulator.csproj", "{8EEA53F7-9F1D-4C55-8C7A-521C91A562E2}"
EndProject
Global
	GlobalSection(SolutionConfigurationPlatforms) = preSolution
		Debug|Any CPU = Debug|Any CPU
		Release|Any CPU = Release|Any CPU
	EndGlobalSection
	GlobalSection(ProjectConfigurationPlatforms) = postSolution
		{8EEA53F7-9F1D-4C55-8C7A-521C91A562E2}.Debug|Any CPU.ActiveCfg = Debug|Any CPU
		{8EEA53F7-9F1D-4C55-8C7A-521C91A562E2}.Debug|Any CPU.Build.0 = Debug|Any CPU
		{8EEA53F7-9F1D-4C55-8C7A-521C91A562E2}.Release|Any CPU.ActiveCfg = Release|Any CPU
		{8EEA53F7-9F1D-4C55-8C7A-521C91A562E2}.Release|Any CPU.Build.0 = Release|Any CPU
	EndGlobalSection
	GlobalSection(SolutionProperties) = preSolution
		HideSolutionNode = FALSE
	EndGlobalSection
	GlobalSection(ExtensibilityGlobals) = postSolution
		SolutionGuid = {7FFC00D1-5AB2-475B-9C14-98A578BE13A6}
	EndGlobalSection
EndGlobal
